{
  "version": 4,
  "terraform_version": "1.16.2",
  "serial": 71,
  "lineage": "9f11a9d9-b937-6e22-43b3-becbf08662dc",
  "outputs": {
    "cluster_name": {
      "value": "oficina-cluster",
      "type": "string"
    },
    "kubeconfig_path": {
      "value": "/home/gustavo/www/tech-challenge/terraform/oficina-cluster-config",
      "type": "string"
    }
  },
  "resources": [
    {
      "mode": "managed",
      "type": "kubernetes_namespace_v1",
      "name": "oficina_namespace",
      "provider": "provider[\"registry.terraform.io/hashicorp/kubernetes\"]",
      "instances": [
        {
          "schema_version": 0,
          "attributes": {
            "id": "oficina-mecanica",
            "metadata": [
              {
                "annotations": {},
                "generate_name": "",
                "generation": 0,
                "labels": {},
                "name": "oficina-mecanica",
                "resource_version": "458",
                "uid": "ec7ecd5e-9d65-4461-ab6c-41d5d6333d1e"
              }
            ],
            "timeouts": null,
            "wait_for_default_service_account": false
          },
          "sensitive_attributes": [],
          "identity_schema_version": 1,
          "identity": {
            "api_version": "v1",
            "kind": "Namespace",
            "name": "oficina-mecanica"
          },
          "private": "eyJlMmJmYjczMC1lY2FhLTExZTYtOGY4OC0zNDM2M2JjN2M0YzAiOnsiZGVsZXRlIjozMDAwMDAwMDAwMDB9fQ==",
          "dependencies": [
            "module.cluster.kind_cluster.oficina_cluster"
          ]
        }
      ]
    },
    {
      "module": "module.app",
      "mode": "managed",
      "type": "kubernetes_deployment_v1",
      "name": "oficina_app",
      "provider": "provider[\"registry.terraform.io/hashicorp/kubernetes\"]",
      "instances": [
        {
          "schema_version": 1,
          "attributes": {
            "id": "oficina-mecanica/oficina-app-deployment",
            "metadata": [
              {
                "annotations": {},
                "generate_name": "",
                "generation": 1,
                "labels": {},
                "name": "oficina-app-deployment",
                "namespace": "oficina-mecanica",
                "resource_version": "656",
                "uid": "1fa8181c-2a09-40f8-8af5-029d5e78a454"
              }
            ],
            "spec": [
              {
                "min_ready_seconds": 0,
                "paused": false,
                "progress_deadline_seconds": 600,
                "replicas": "2",
                "revision_history_limit": 10,
                "selector": [
                  {
                    "match_expressions": [],
                    "match_labels": {
                      "app": "oficina-app"
                    }
                  }
                ],
                "strategy": [
                  {
                    "rolling_update": [
                      {
                        "max_surge": "25%",
                        "max_unavailable": "25%"
                      }
                    ],
                    "type": "RollingUpdate"
                  }
                ],
                "template": [
                  {
                    "metadata": [
                      {
                        "annotations": {},
                        "generate_name": "",
                        "generation": 0,
                        "labels": {
                          "app": "oficina-app"
                        },
                        "name": "",
                        "namespace": "",
                        "resource_version": "",
                        "uid": ""
                      }
                    ],
                    "spec": [
                      {
                        "active_deadline_seconds": 0,
                        "affinity": [],
                        "automount_service_account_token": true,
                        "container": [
                          {
                            "args": [],
                            "command": [],
                            "env": [
                              {
                                "name": "DATABASE_URL",
                                "value": "",
                                "value_from": [
                                  {
                                    "config_map_key_ref": [],
                                    "field_ref": [],
                                    "resource_field_ref": [],
                                    "secret_key_ref": [
                                      {
                                        "key": "DATABASE_URL",
                                        "name": "oficina-app-secret",
                                        "optional": false
                                      }
                                    ]
                                  }
                                ]
                              }
                            ],
                            "env_from": [],
                            "image": "guribeiro/oficina-app:latest",
                            "image_pull_policy": "Always",
                            "lifecycle": [],
                            "liveness_probe": [
                              {
                                "exec": [],
                                "failure_threshold": 3,
                                "grpc": [],
                                "http_get": [
                                  {
                                    "host": "",
                                    "http_header": [],
                                    "path": "/api/health",
                                    "port": "3000",
                                    "scheme": "HTTP"
                                  }
                                ],
                                "initial_delay_seconds": 15,
                                "period_seconds": 10,
                                "success_threshold": 1,
                                "tcp_socket": [],
                                "timeout_seconds": 1
                              }
                            ],
                            "name": "oficina-app",
                            "port": [
                              {
                                "container_port": 3000,
                                "host_ip": "",
                                "host_port": 0,
                                "name": "",
                                "protocol": "TCP"
                              }
                            ],
                            "readiness_probe": [
                              {
                                "exec": [],
                                "failure_threshold": 3,
                                "grpc": [],
                                "http_get": [
                                  {
                                    "host": "",
                                    "http_header": [],
                                    "path": "/api/health",
                                    "port": "3000",
                                    "scheme": "HTTP"
                                  }
                                ],
                                "initial_delay_seconds": 10,
                                "period_seconds": 5,
                                "success_threshold": 1,
                                "tcp_socket": [],
                                "timeout_seconds": 1
                              }
                            ],
                            "resources": [
                              {
                                "limits": {
                                  "cpu": "500m",
                                  "memory": "512Mi"
                                },
                                "requests": {
                                  "cpu": "100m",
                                  "memory": "128Mi"
                                }
                              }
                            ],
                            "restart_policy": "",
                            "security_context": [],
                            "startup_probe": [],
                            "stdin": false,
                            "stdin_once": false,
                            "termination_message_path": "/dev/termination-log",
                            "termination_message_policy": "File",
                            "tty": false,
                            "volume_device": [],
                            "volume_mount": [],
                            "working_dir": ""
                          }
                        ],
                        "dns_config": [],
                        "dns_policy": "ClusterFirst",
                        "enable_service_links": true,
                        "host_aliases": [],
                        "host_ipc": false,
                        "host_network": false,
                        "host_pid": false,
                        "hostname": "",
                        "image_pull_secrets": [],
                        "init_container": [
                          {
                            "args": [],
                            "command": [
                              "sh",
                              "-c",
                              "npx prisma migrate deploy"
                            ],
                            "env": [],
                            "env_from": [
                              {
                                "config_map_ref": [],
                                "prefix": "",
                                "secret_ref": [
                                  {
                                    "name": "oficina-app-secret",
                                    "optional": false
                                  }
                                ]
                              }
                            ],
                            "image": "guribeiro/oficina-app:latest",
                            "image_pull_policy": "Always",
                            "lifecycle": [],
                            "liveness_probe": [],
                            "name": "prisma-migration",
                            "port": [],
                            "readiness_probe": [],
                            "resources": [
                              {
                                "limits": {},
                                "requests": {}
                              }
                            ],
                            "restart_policy": "",
                            "security_context": [],
                            "startup_probe": [],
                            "stdin": false,
                            "stdin_once": false,
                            "termination_message_path": "/dev/termination-log",
                            "termination_message_policy": "File",
                            "tty": false,
                            "volume_device": [],
                            "volume_mount": [],
                            "working_dir": ""
                          }
                        ],
                        "node_name": "",
                        "node_selector": {},
                        "os": [],
                        "priority_class_name": "",
                        "readiness_gate": [],
                        "restart_policy": "Always",
                        "runtime_class_name": "",
                        "scheduler_name": "default-scheduler",
                        "security_context": [],
                        "service_account_name": "",
                        "share_process_namespace": false,
                        "subdomain": "",
                        "termination_grace_period_seconds": 30,
                        "toleration": [],
                        "topology_spread_constraint": [],
                        "volume": []
                      }
                    ]
                  }
                ]
              }
            ],
            "timeouts": null,
            "wait_for_rollout": true
          },
          "sensitive_attributes": [],
          "identity_schema_version": 1,
          "identity": {
            "api_version": "apps/v1",
            "kind": "Deployment",
            "name": "oficina-app-deployment",
            "namespace": "oficina-mecanica"
          },
          "private": "eyJlMmJmYjczMC1lY2FhLTExZTYtOGY4OC0zNDM2M2JjN2M0YzAiOnsiY3JlYXRlIjo2MDAwMDAwMDAwMDAsImRlbGV0ZSI6NjAwMDAwMDAwMDAwLCJ1cGRhdGUiOjYwMDAwMDAwMDAwMH0sInNjaGVtYV92ZXJzaW9uIjoiMSJ9",
          "dependencies": [
            "kubernetes_namespace_v1.oficina_namespace",
            "module.app.kubernetes_secret_v1.app_secret",
            "module.cluster.kind_cluster.oficina_cluster",
            "module.database.kubernetes_deployment_v1.postgres",
            "module.database.kubernetes_service_v1.postgres_service"
          ]
        }
      ]
    },
    {
      "module": "module.app",
      "mode": "managed",
      "type": "kubernetes_horizontal_pod_autoscaler_v2",
      "name": "oficina_app_hpa",
      "provider": "provider[\"registry.terraform.io/hashicorp/kubernetes\"]",
      "instances": [
        {
          "schema_version": 0,
          "attributes": {
            "id": "oficina-mecanica/oficina-app-hpa",
            "metadata": [
              {
                "annotations": {},
                "generate_name": "",
                "generation": 0,
                "labels": {},
                "name": "oficina-app-hpa",
                "namespace": "oficina-mecanica",
                "resource_version": "2895",
                "uid": "e9970eee-c292-4ed6-9f0b-06e92a1d6e2b"
              }
            ],
            "spec": [
              {
                "behavior": [
                  {
                    "scale_down": [
                      {
                        "policy": [
                          {
                            "period_seconds": 15,
                            "type": "Percent",
                            "value": 100
                          }
                        ],
                        "select_policy": "Max",
                        "stabilization_window_seconds": 0
                      }
                    ],
                    "scale_up": [
                      {
                        "policy": [
                          {
                            "period_seconds": 15,
                            "type": "Pods",
                            "value": 4
                          },
                          {
                            "period_seconds": 15,
                            "type": "Percent",
                            "value": 100
                          }
                        ],
                        "select_policy": "Max",
                        "stabilization_window_seconds": 0
                      }
                    ]
                  }
                ],
                "max_replicas": 5,
                "metric": [
                  {
                    "container_resource": [],
                    "external": [],
                    "object": [],
                    "pods": [],
                    "resource": [
                      {
                        "name": "cpu",
                        "target": [
                          {
                            "average_utilization": 70,
                            "average_value": "",
                            "type": "Utilization",
                            "value": ""
                          }
                        ]
                      }
                    ],
                    "type": "Resource"
                  },
                  {
                    "container_resource": [],
                    "external": [],
                    "object": [],
                    "pods": [],
                    "resource": [
                      {
                        "name": "memory",
                        "target": [
                          {
                            "average_utilization": 80,
                            "average_value": "",
                            "type": "Utilization",
                            "value": ""
                          }
                        ]
                      }
                    ],
                    "type": "Resource"
                  }
                ],
                "min_replicas": 2,
                "scale_target_ref": [
                  {
                    "api_version": "apps/v1",
                    "kind": "Deployment",
                    "name": "oficina-app-deployment"
                  }
                ],
                "target_cpu_utilization_percentage": 0
              }
            ]
          },
          "sensitive_attributes": [],
          "identity_schema_version": 1,
          "identity": {
            "api_version": "autoscaling/v2",
            "kind": "HorizontalPodAutoscaler",
            "name": "oficina-app-hpa",
            "namespace": "oficina-mecanica"
          },
          "private": "bnVsbA==",
          "dependencies": [
            "kubernetes_namespace_v1.oficina_namespace",
            "module.app.kubernetes_deployment_v1.oficina_app",
            "module.app.kubernetes_secret_v1.app_secret",
            "module.cluster.kind_cluster.oficina_cluster",
            "module.database.kubernetes_deployment_v1.postgres",
            "module.database.kubernetes_service_v1.postgres_service"
          ]
        }
      ]
    },
    {
      "module": "module.app",
      "mode": "managed",
      "type": "kubernetes_secret_v1",
      "name": "app_secret",
      "provider": "provider[\"registry.terraform.io/hashicorp/kubernetes\"]",
      "instances": [
        {
          "schema_version": 0,
          "attributes": {
            "binary_data": null,
            "binary_data_wo": null,
            "binary_data_wo_revision": null,
            "data": {
              "DATABASE_URL": "postgresql://postgres:postgres@postgres-service:5432/oficina_db?schema=public"
            },
            "data_wo": null,
            "data_wo_revision": null,
            "id": "oficina-mecanica/oficina-app-secret",
            "immutable": false,
            "metadata": [
              {
                "annotations": {},
                "generate_name": "",
                "generation": 0,
                "labels": {},
                "name": "oficina-app-secret",
                "namespace": "oficina-mecanica",
                "resource_version": "544",
                "uid": "dfe4af26-4a2c-41d4-b0b6-a0b27a6a00ff"
              }
            ],
            "timeouts": null,
            "type": "Opaque",
            "wait_for_service_account_token": true
          },
          "sensitive_attributes": [
            [
              {
                "type": "get_attr",
                "value": "binary_data"
              }
            ],
            [
              {
                "type": "get_attr",
                "value": "data"
              }
            ],
            [
              {
                "type": "get_attr",
                "value": "data"
              },
              {
                "type": "index",
                "value": {
                  "value": "DATABASE_URL",
                  "type": "string"
                }
              }
            ]
          ],
          "identity_schema_version": 1,
          "identity": {
            "api_version": "v1",
            "kind": "Secret",
            "name": "oficina-app-secret",
            "namespace": "oficina-mecanica"
          },
          "private": "eyJlMmJmYjczMC1lY2FhLTExZTYtOGY4OC0zNDM2M2JjN2M0YzAiOnsiY3JlYXRlIjo2MDAwMDAwMDAwMH19",
          "dependencies": [
            "kubernetes_namespace_v1.oficina_namespace",
            "module.cluster.kind_cluster.oficina_cluster",
            "module.database.kubernetes_deployment_v1.postgres",
            "module.database.kubernetes_service_v1.postgres_service"
          ]
        }
      ]
    },
    {
      "module": "module.app",
      "mode": "managed",
      "type": "kubernetes_service_v1",
      "name": "oficina_app_service",
      "provider": "provider[\"registry.terraform.io/hashicorp/kubernetes\"]",
      "instances": [
        {
          "schema_version": 1,
          "attributes": {
            "id": "oficina-mecanica/oficina-service",
            "metadata": [
              {
                "annotations": {},
                "generate_name": "",
                "generation": 0,
                "labels": {},
                "name": "oficina-service",
                "namespace": "oficina-mecanica",
                "resource_version": "547",
                "uid": "fef09533-32ac-40bd-9581-4c18cbf4e07c"
              }
            ],
            "spec": [
              {
                "allocate_load_balancer_node_ports": true,
                "cluster_ip": "10.96.218.82",
                "cluster_ips": [
                  "10.96.218.82"
                ],
                "external_ips": [],
                "external_name": "",
                "external_traffic_policy": "Cluster",
                "health_check_node_port": 0,
                "internal_traffic_policy": "Cluster",
                "ip_families": [
                  "IPv4"
                ],
                "ip_family_policy": "SingleStack",
                "load_balancer_class": "",
                "load_balancer_ip": "",
                "load_balancer_source_ranges": [],
                "port": [
                  {
                    "app_protocol": "",
                    "name": "",
                    "node_port": 30000,
                    "port": 3000,
                    "protocol": "TCP",
                    "target_port": "3000"
                  }
                ],
                "publish_not_ready_addresses": false,
                "selector": {
                  "app": "oficina-app"
                },
                "session_affinity": "None",
                "session_affinity_config": [],
                "type": "NodePort"
              }
            ],
            "status": [
              {
                "load_balancer": [
                  {
                    "ingress": []
                  }
                ]
              }
            ],
            "timeouts": null,
            "wait_for_load_balancer": true
          },
          "sensitive_attributes": [],
          "identity_schema_version": 1,
          "identity": {
            "api_version": "v1",
            "kind": "Service",
            "name": "oficina-service",
            "namespace": "oficina-mecanica"
          },
          "private": "eyJlMmJmYjczMC1lY2FhLTExZTYtOGY4OC0zNDM2M2JjN2M0YzAiOnsiY3JlYXRlIjo2MDAwMDAwMDAwMDB9LCJzY2hlbWFfdmVyc2lvbiI6IjEifQ==",
          "dependencies": [
            "kubernetes_namespace_v1.oficina_namespace",
            "module.cluster.kind_cluster.oficina_cluster",
            "module.database.kubernetes_deployment_v1.postgres",
            "module.database.kubernetes_service_v1.postgres_service"
          ]
        }
      ]
    },
    {
      "module": "module.cluster",
      "mode": "managed",
      "type": "kind_cluster",
      "name": "oficina_cluster",
      "provider": "provider[\"registry.terraform.io/tehcyx/kind\"]",
      "instances": [
        {
          "schema_version": 0,
          "attributes": {
            "client_certificate": "-----BEGIN CERTIFICATE-----\nMIIDKTCCAhGgAwIBAgIIGR6CAOVoNCgwDQYJKoZIhvcNAQELBQAwFTETMBEGA1UE\nAxMKa3ViZXJuZXRlczAeFw0yNjA5MTYxOTQ1MjBaFw0yNzA5MTYxOTUwMjFaMDwx\nHzAdBgNVBAoTFmt1YmVhZG06Y2x1c3Rlci1hZG1pbnMxGTAXBgNVBAMTEGt1YmVy\nbmV0ZXMtYWRtaW4wggEiMA0GCSqGSIb3DQEBAQUAA4IBDwAwggEKAoIBAQDTJF4R\ngOOSKjn1eTv+/zwk4WhwgFnIGCH5jElSvzY7JpM2++nU9JwYP701CE8q5WpspQVe\nDLWO2fRW0X383GDgMSjqAKh9v4rvxGVqQlMCpkbrHRCK3CZEhaMQT+UpRXl4zbxC\nLoxlRDMtudid9L3BGJy90vI4/nxfOjWBDbcUuROOCAKx1gmRvnriQiAkMpoyWfYN\nMKHpFCuzpFnhXOSEzDH8B0yI5D6LZyGGYxoEcFVq9He1iPQmOmpkMstfChba7jtN\nbdjr7BbxyxtvnNSPN8IX8l4YSQUya3jhwhNuu1e1WyHMh7PmLvrpWohLWrakypPS\nEFPoAwFAfzQZjyjLAgMBAAGjVjBUMA4GA1UdDwEB/wQEAwIFoDATBgNVHSUEDDAK\nBggrBgEFBQcDAjAMBgNVHRMBAf8EAjAAMB8GA1UdIwQYMBaAFINlqVJn1jN53xTm\nuO9u0TYdLKOHMA0GCSqGSIb3DQEBCwUAA4IBAQAkWCSobigSSQSl3mmmNtcKvwLh\n0PK8Qjcf98S3na1ZZ1+h6L6M7kEmL6a2HNxdE5uqT4vY6Ct52lKiUt/b2xAceZAY\n0PzTgwAv8q5/IYhp3Nmq5ZAj/p6xss/9gaY2oTQjhFPYH6sJOnu1nlLKY/+KYZAM\nKRxVLnAgVRaa5XjR+IJQ8srU2+iJhskie1NzylAy1NFTLxuwUn7usPjRcqwO0CMB\nHY/ssJSBSJV2ADmNzY8or41LbBuVCzadHSH+kR7+9B9AFZbx+F7W1NQxDwgxWkPE\nLCqUECCDzsLUky6xvU0JadC0TMGxG/csTOUOaloax9mlFgs8rg8biS0ODZZN\n-----END CERTIFICATE-----\n",
            "client_key": "-----BEGIN RSA PRIVATE KEY-----\nMIIEpQIBAAKCAQEA0yReEYDjkio59Xk7/v88JOFocIBZyBgh+YxJUr82OyaTNvvp\n1PScGD+9NQhPKuVqbKUFXgy1jtn0VtF9/Nxg4DEo6gCofb+K78RlakJTAqZG6x0Q\nitwmRIWjEE/lKUV5eM28Qi6MZUQzLbnYnfS9wRicvdLyOP58Xzo1gQ23FLkTjggC\nsdYJkb564kIgJDKaMln2DTCh6RQrs6RZ4VzkhMwx/AdMiOQ+i2chhmMaBHBVavR3\ntYj0JjpqZDLLXwoW2u47TW3Y6+wW8csbb5zUjzfCF/JeGEkFMmt44cITbrtXtVsh\nzIez5i766VqIS1q2pMqT0hBT6AMBQH80GY8oywIDAQABAoIBAQC33Eph+Zex1z2D\nSd/5zG6mOvcESHBmMsWbFhNfkAx8c7nsPm+/toYbA54SiTrPQtlq5ESJQo3zaE5C\nL8kDITDm6UgUhSAz6FDnO2GIp1q7yumkoTmfgdd9AdYeRURrrQj7LkSKaRhusnXS\nkqxT2CRI+tK65e9xvAG3tuuShsvvqSlBHLBn7kinne8Ug21Q9xSudWsQNHSCSls1\n5is24s1jlgFAgUC02JVRAsOr/++mbjKQI9O6txHKqZ7K0qL0TocPX6bhB9x9tjUb\nFwLmdYZatwtq7BFzWoHzcpuVOrX5Oehs+5CmgL4ejNXuqMid2Cmk5TcGa/3ScHej\nWPGQHw7ZAoGBAN2EFfZFm0L/ckCvSt+P979y8sVvxsI0/hB/iumsE6/XphyL/XOC\nDk4brPjrh9OQwSz9j4BubHbKm1sF3mASSPf8FRRXLaTxooAIS5x7kD9rS7wbffS3\n29cvw0xGuspHuWsNL0BpOpLW6x5ogIR7vvSI2nteKt+aKSWAX5eGam6FAoGBAPQC\n27KtV6OfgXvtbwYZs/ojCWTd/kdd7aDv/WNbKNN3pj0+CZmfveYqcG50Tq7SQSXz\nHBuyDt99i6p3qeNXDBArxaIjjK79OPdInUb0elZiB9EZRz4RojWfe37cxWAA2O0B\n3pUyQZx+d9zvrK4f+0ETLFqFbBgtZkJQiWH1ZKMPAoGAGaXFdTIx+9vfuqWRIbll\nkgEZIssCVFIWaIqb5tpJnT52uS9sNQeF6H1D1b5Ph6tm8nKZPuGKJWbn/e38BVuY\nnz3MowJFAqgHjJNpTcDwvqcJqcn1F3SCO7QIBLjbv7f2O/LW2bpVUdMYffjTiINb\nZKzDvyz0Adezk+f9KWoiwJECgYEAj/DvsONYg4kgVP6nM64N4UyxyfK6gVcDSqDH\nlMi9uKEoS5BBEYKN/yyhzkaF89LL45sZxayv4V6p+RFGAnni/9cSaqcV4lQ2Ool3\nXdfyIusJOWvz/sVgLsm5jAin1g4p6QXlS5Wt5qckBgzMjJsJGEY7L9rs/QYrAIuJ\nv2OGzjkCgYEAwnHirThQW/H5IieU3Nqe+OsYZxJ505Lmp4UBEFTp3sx8f4HB3Qwv\nW6kPGxAaSyc4cIAk0dbLx572jtMmLtB7mMSkpdmGRfaueqJdqBoCSRjy5INPGKB5\navwoiqViCm+2BLRDeayDw3aO+NFLJd+Txd3ec6K256r3Ze7G+spGwNQ=\n-----END RSA PRIVATE KEY-----\n",
            "cluster_ca_certificate": "-----BEGIN CERTIFICATE-----\nMIIDBTCCAe2gAwIBAgIIOKerVhA0M1EwDQYJKoZIhvcNAQELBQAwFTETMBEGA1UE\nAxMKa3ViZXJuZXRlczAeFw0yNjA5MTYxOTQ1MjBaFw0zNjA5MTMxOTUwMjBaMBUx\nEzARBgNVBAMTCmt1YmVybmV0ZXMwggEiMA0GCSqGSIb3DQEBAQUAA4IBDwAwggEK\nAoIBAQDSOompKfOvZzHxWnhwpVjuHUMpJhE4dSGs54A3l4sMPPCHQbIsjFQ9KXAz\ngkKQYD4GKKcogcF8V8xWaFeUqVKdXXbVxJuNceCBQzqmUN8um3TDj6qFf2Aj8Ak7\n4G0PS6KPZubpEHHPOp9OgJV+jGmm6UOSKmh2opLjnBGgbCkDnqRasV/wU0TmUCm1\nRYf0EH/qAgoB9sgom3BW39oVrQMK3ECJkr+22bnVcqz/2Ujz+K7t0vu59V+ZXKx6\nyHZrCLJ/giNHMgAHpUyT+NZ7WyJvk7HkgZrK5lh88mx2lSsk7nXYGeJ60bkljOXp\nKj451xxfk+rviq6euzYuwvtiPdfrAgMBAAGjWTBXMA4GA1UdDwEB/wQEAwICpDAP\nBgNVHRMBAf8EBTADAQH/MB0GA1UdDgQWBBSDZalSZ9Yzed8U5rjvbtE2HSyjhzAV\nBgNVHREEDjAMggprdWJlcm5ldGVzMA0GCSqGSIb3DQEBCwUAA4IBAQBZLaIAyoUT\nAB0/vKhXKygZnJAZ2WZyBpRr5VHvf4A//NozxHvrVjYrb1nPgrBHu9m/f1QjwKYx\nYxOSLpVkKEwi9FhwxaACavjAE8h++aUu/Gxsj/OfZwp3TLnRf3/MHM5ZMinkXkFz\nwLVPvyLF/LY5MiYFac5IAKsMsY7r4xXrWWK43Hb9WOxcnhaR+sgYgiy2oECwoeD9\n2U+86Fgp2yUJz5yEikxhHFoqyL/YpQYA4vH93pbs5Vy8jdylOOTaUvGvdqzzbL+d\niwVoUhp8fmFZXV+TZmzJH/dAuKLgG3Q10C0wbDKiUmv/dtyBpZuO9he+vjXslUUh\nqAUIB287EsVG\n-----END CERTIFICATE-----\n",
            "completed": true,
            "endpoint": "https://127.0.0.1:36541",
            "id": "oficina-cluster-",
            "kind_config": [
              {
                "api_version": "kind.x-k8s.io/v1alpha4",
                "containerd_config_patches": [],
                "feature_gates": {},
                "kind": "Cluster",
                "networking": [],
                "node": [
                  {
                    "extra_mounts": [],
                    "extra_port_mappings": [
                      {
                        "container_port": 30000,
                        "host_port": 30000,
                        "listen_address": "",
                        "protocol": "TCP"
                      }
                    ],
                    "image": "",
                    "kubeadm_config_patches": [],
                    "labels": {},
                    "role": "control-plane"
                  }
                ],
                "runtime_config": {}
              }
            ],
            "kubeconfig": "apiVersion: v1\nclusters:\n- cluster:\n    certificate-authority-data: LS0tLS1CRUdJTiBDRVJUSUZJQ0FURS0tLS0tCk1JSURCVENDQWUyZ0F3SUJBZ0lJT0tlclZoQTBNMUV3RFFZSktvWklodmNOQVFFTEJRQXdGVEVUTUJFR0ExVUUKQXhNS2EzVmlaWEp1WlhSbGN6QWVGdzB5TmpBNU1UWXhPVFExTWpCYUZ3MHpOakE1TVRNeE9UVXdNakJhTUJVeApFekFSQmdOVkJBTVRDbXQxWW1WeWJtVjBaWE13Z2dFaU1BMEdDU3FHU0liM0RRRUJBUVVBQTRJQkR3QXdnZ0VLCkFvSUJBUURTT29tcEtmT3Zaekh4V25od3BWanVIVU1wSmhFNGRTR3M1NEEzbDRzTVBQQ0hRYklzakZROUtYQXoKZ2tLUVlENEdLS2NvZ2NGOFY4eFdhRmVVcVZLZFhYYlZ4SnVOY2VDQlF6cW1VTjh1bTNURGo2cUZmMkFqOEFrNwo0RzBQUzZLUFp1YnBFSEhQT3A5T2dKVitqR21tNlVPU0ttaDJvcExqbkJHZ2JDa0RucVJhc1Yvd1UwVG1VQ20xClJZZjBFSC9xQWdvQjlzZ29tM0JXMzlvVnJRTUszRUNKa3IrMjJiblZjcXovMlVqeitLN3QwdnU1OVYrWlhLeDYKeUhackNMSi9naU5ITWdBSHBVeVQrTlo3V3lKdms3SGtnWnJLNWxoODhteDJsU3NrN25YWUdlSjYwYmtsak9YcApLajQ1MXh4ZmsrcnZpcTZldXpZdXd2dGlQZGZyQWdNQkFBR2pXVEJYTUE0R0ExVWREd0VCL3dRRUF3SUNwREFQCkJnTlZIUk1CQWY4RUJUQURBUUgvTUIwR0ExVWREZ1FXQkJTRFphbFNaOVl6ZWQ4VTVyanZidEUySFN5amh6QVYKQmdOVkhSRUVEakFNZ2dwcmRXSmxjbTVsZEdWek1BMEdDU3FHU0liM0RRRUJDd1VBQTRJQkFRQlpMYUlBeW9VVApBQjAvdktoWEt5Z1puSkFaMldaeUJwUnI1Vkh2ZjRBLy9Ob3p4SHZyVmpZcmIxblBnckJIdTltL2YxUWp3S1l4Cll4T1NMcFZrS0V3aTlGaHd4YUFDYXZqQUU4aCsrYVV1L0d4c2ovT2Zad3AzVExuUmYzL01ITTVaTWlua1hrRnoKd0xWUHZ5TEYvTFk1TWlZRmFjNUlBS3NNc1k3cjR4WHJXV0s0M0hiOVdPeGNuaGFSK3NnWWdpeTJvRUN3b2VEOQoyVSs4NkZncDJ5VUp6NXlFaWt4aEhGb3F5TC9ZcFFZQTR2SDkzcGJzNVZ5OGpkeWxPT1RhVXZHdmRxenpiTCtkCml3Vm9VaHA4Zm1GWlhWK1RabXpKSC9kQXVLTGdHM1ExMEMwd2JES2lVbXYvZHR5QnBadU85aGUrdmpYc2xVVWgKcUFVSUIyODdFc1ZHCi0tLS0tRU5EIENFUlRJRklDQVRFLS0tLS0K\n    server: https://127.0.0.1:36541\n  name: kind-oficina-cluster\ncontexts:\n- context:\n    cluster: kind-oficina-cluster\n    user: kind-oficina-cluster\n  name: kind-oficina-cluster\ncurrent-context: kind-oficina-cluster\nkind: Config\npreferences: {}\nusers:\n- name: kind-oficina-cluster\n  user:\n    client-certificate-data: LS0tLS1CRUdJTiBDRVJUSUZJQ0FURS0tLS0tCk1JSURLVENDQWhHZ0F3SUJBZ0lJR1I2Q0FPVm9OQ2d3RFFZSktvWklodmNOQVFFTEJRQXdGVEVUTUJFR0ExVUUKQXhNS2EzVmlaWEp1WlhSbGN6QWVGdzB5TmpBNU1UWXhPVFExTWpCYUZ3MHlOekE1TVRZeE9UVXdNakZhTUR3eApIekFkQmdOVkJBb1RGbXQxWW1WaFpHMDZZMngxYzNSbGNpMWhaRzFwYm5NeEdUQVhCZ05WQkFNVEVHdDFZbVZ5CmJtVjBaWE10WVdSdGFXNHdnZ0VpTUEwR0NTcUdTSWIzRFFFQkFRVUFBNElCRHdBd2dnRUtBb0lCQVFEVEpGNFIKZ09PU0tqbjFlVHYrL3p3azRXaHdnRm5JR0NINWpFbFN2elk3SnBNMisrblU5SndZUDcwMUNFOHE1V3BzcFFWZQpETFdPMmZSVzBYMzgzR0RnTVNqcUFLaDl2NHJ2eEdWcVFsTUNwa2JySFJDSzNDWkVoYU1RVCtVcFJYbDR6YnhDCkxveGxSRE10dWRpZDlMM0JHSnk5MHZJNC9ueGZPaldCRGJjVXVST09DQUt4MWdtUnZucmlRaUFrTXBveVdmWU4KTUtIcEZDdXpwRm5oWE9TRXpESDhCMHlJNUQ2TFp5R0dZeG9FY0ZWcTlIZTFpUFFtT21wa01zdGZDaGJhN2p0TgpiZGpyN0JieHl4dHZuTlNQTjhJWDhsNFlTUVV5YTNqaHdoTnV1MWUxV3lITWg3UG1MdnJwV29oTFdyYWt5cFBTCkVGUG9Bd0ZBZnpRWmp5akxBZ01CQUFHalZqQlVNQTRHQTFVZER3RUIvd1FFQXdJRm9EQVRCZ05WSFNVRUREQUsKQmdnckJnRUZCUWNEQWpBTUJnTlZIUk1CQWY4RUFqQUFNQjhHQTFVZEl3UVlNQmFBRklObHFWSm4xak41M3hUbQp1Tzl1MFRZZExLT0hNQTBHQ1NxR1NJYjNEUUVCQ3dVQUE0SUJBUUFrV0NTb2JpZ1NTUVNsM21tbU50Y0t2d0xoCjBQSzhRamNmOThTM25hMVpaMStoNkw2TTdrRW1MNmEySE54ZEU1dXFUNHZZNkN0NTJsS2lVdC9iMnhBY2VaQVkKMFB6VGd3QXY4cTUvSVlocDNObXE1WkFqL3A2eHNzLzlnYVkyb1RRamhGUFlINnNKT251MW5sTEtZLytLWVpBTQpLUnhWTG5BZ1ZSYWE1WGpSK0lKUThzclUyK2lKaHNraWUxTnp5bEF5MU5GVEx4dXdVbjd1c1BqUmNxd08wQ01CCkhZL3NzSlNCU0pWMkFEbU56WThvcjQxTGJCdVZDemFkSFNIK2tSNys5QjlBRlpieCtGN1cxTlF4RHdneFdrUEUKTENxVUVDQ0R6c0xVa3k2eHZVMEphZEMwVE1HeEcvY3NUT1VPYWxvYXg5bWxGZ3M4cmc4YmlTME9EWlpOCi0tLS0tRU5EIENFUlRJRklDQVRFLS0tLS0K\n    client-key-data: LS0tLS1CRUdJTiBSU0EgUFJJVkFURSBLRVktLS0tLQpNSUlFcFFJQkFBS0NBUUVBMHlSZUVZRGpraW81OVhrNy92ODhKT0ZvY0lCWnlCZ2grWXhKVXI4Mk95YVROdnZwCjFQU2NHRCs5TlFoUEt1VnFiS1VGWGd5MWp0bjBWdEY5L054ZzRERW82Z0NvZmIrSzc4Umxha0pUQXFaRzZ4MFEKaXR3bVJJV2pFRS9sS1VWNWVNMjhRaTZNWlVRekxiblluZlM5d1JpY3ZkTHlPUDU4WHpvMWdRMjNGTGtUamdnQwpzZFlKa2I1NjRrSWdKREthTWxuMkRUQ2g2UlFyczZSWjRWemtoTXd4L0FkTWlPUStpMmNoaG1NYUJIQlZhdlIzCnRZajBKanBxWkRMTFh3b1cydTQ3VFczWTYrd1c4Y3NiYjV6VWp6ZkNGL0plR0VrRk1tdDQ0Y0lUYnJ0WHRWc2gKekllejVpNzY2VnFJUzFxMnBNcVQwaEJUNkFNQlFIODBHWThveXdJREFRQUJBb0lCQVFDMzNFcGgrWmV4MXoyRApTZC81ekc2bU92Y0VTSEJtTXNXYkZoTmZrQXg4Yzduc1BtKy90b1liQTU0U2lUclBRdGxxNUVTSlFvM3phRTVDCkw4a0RJVERtNlVnVWhTQXo2RkRuTzJHSXAxcTd5dW1rb1RtZmdkZDlBZFllUlVScnJRajdMa1NLYVJodXNuWFMKa3F4VDJDUkkrdEs2NWU5eHZBRzN0dXVTaHN2dnFTbEJITEJuN2tpbm5lOFVnMjFROXhTdWRXc1FOSFNDU2xzMQo1aXMyNHMxamxnRkFnVUMwMkpWUkFzT3IvKyttYmpLUUk5TzZ0eEhLcVo3SzBxTDBUb2NQWDZiaEI5eDl0alViCkZ3TG1kWVphdHd0cTdCRnpXb0h6Y3B1Vk9yWDVPZWhzKzVDbWdMNGVqTlh1cU1pZDJDbWs1VGNHYS8zU2NIZWoKV1BHUUh3N1pBb0dCQU4yRUZmWkZtMEwvY2tDdlN0K1A5Nzl5OHNWdnhzSTAvaEIvaXVtc0U2L1hwaHlML1hPQwpEazRiclBqcmg5T1F3U3o5ajRCdWJIYkttMXNGM21BU1NQZjhGUlJYTGFUeG9vQUlTNXg3a0Q5clM3d2JmZlMzCjI5Y3Z3MHhHdXNwSHVXc05MMEJwT3BMVzZ4NW9nSVI3dnZTSTJudGVLdCthS1NXQVg1ZUdhbTZGQW9HQkFQUUMKMjdLdFY2T2ZnWHZ0YndZWnMvb2pDV1RkL2tkZDdhRHYvV05iS05OM3BqMCtDWm1mdmVZcWNHNTBUcTdTUVNYegpIQnV5RHQ5OWk2cDNxZU5YREJBcnhhSWpqSzc5T1BkSW5VYjBlbFppQjlFWlJ6NFJvaldmZTM3Y3hXQUEyTzBCCjNwVXlRWngrZDl6dnJLNGYrMEVUTEZxRmJCZ3Raa0pRaVdIMVpLTVBBb0dBR2FYRmRUSXgrOXZmdXFXUklibGwKa2dFWklzc0NWRklXYUlxYjV0cEpuVDUydVM5c05RZUY2SDFEMWI1UGg2dG04bktaUHVHS0pXYm4vZTM4QlZ1WQpuejNNb3dKRkFxZ0hqSk5wVGNEd3ZxY0pxY24xRjNTQ083UUlCTGpidjdmMk8vTFcyYnBWVWRNWWZmalRpSU5iClpLekR2eXowQWRlemsrZjlLV29pd0pFQ2dZRUFqL0R2c09OWWc0a2dWUDZuTTY0TjRVeXh5Zks2Z1ZjRFNxREgKbE1pOXVLRW9TNUJCRVlLTi95eWh6a2FGODlMTDQ1c1p4YXl2NFY2cCtSRkdBbm5pLzljU2FxY1Y0bFEyT29sMwpYZGZ5SXVzSk9Xdnovc1ZnTHNtNWpBaW4xZzRwNlFYbFM1V3Q1cWNrQmd6TWpKc0pHRVk3TDlycy9RWXJBSXVKCnYyT0d6amtDZ1lFQXduSGlyVGhRVy9INUlpZVUzTnFlK09zWVp4SjUwNUxtcDRVQkVGVHAzc3g4ZjRIQjNRd3YKVzZrUEd4QWFTeWM0Y0lBazBkYkx4NTcyanRNbUx0QjdtTVNrcGRtR1JmYXVlcUpkcUJvQ1NSank1SU5QR0tCNQphdndvaXFWaUNtKzJCTFJEZWF5RHczYU8rTkZMSmQrVHhkM2VjNksyNTZyM1plN0crc3BHd05RPQotLS0tLUVORCBSU0EgUFJJVkFURSBLRVktLS0tLQo=\n",
            "kubeconfig_path": "/home/gustavo/www/tech-challenge/terraform/oficina-cluster-config",
            "name": "oficina-cluster",
            "node_image": null,
            "timeouts": null,
            "wait_for_ready": true
          },
          "sensitive_attributes": [],
          "identity_schema_version": 0,
          "private": "eyJlMmJmYjczMC1lY2FhLTExZTYtOGY4OC0zNDM2M2JjN2M0YzAiOnsiY3JlYXRlIjozMDAwMDAwMDAwMDAsImRlbGV0ZSI6MzAwMDAwMDAwMDAwLCJ1cGRhdGUiOjMwMDAwMDAwMDAwMH19"
        }
      ]
    },
    {
      "module": "module.database",
      "mode": "managed",
      "type": "kubernetes_deployment_v1",
      "name": "postgres",
      "provider": "provider[\"registry.terraform.io/hashicorp/kubernetes\"]",
      "instances": [
        {
          "schema_version": 1,
          "attributes": {
            "id": "oficina-mecanica/postgres-deployment",
            "metadata": [
              {
                "annotations": {},
                "generate_name": "",
                "generation": 1,
                "labels": {},
                "name": "postgres-deployment",
                "namespace": "oficina-mecanica",
                "resource_version": "534",
                "uid": "fcc8a923-3311-4619-9a71-6c5a4606fcf9"
              }
            ],
            "spec": [
              {
                "min_ready_seconds": 0,
                "paused": false,
                "progress_deadline_seconds": 600,
                "replicas": "1",
                "revision_history_limit": 10,
                "selector": [
                  {
                    "match_expressions": [],
                    "match_labels": {
                      "app": "postgres"
                    }
                  }
                ],
                "strategy": [
                  {
                    "rolling_update": [
                      {
                        "max_surge": "25%",
                        "max_unavailable": "25%"
                      }
                    ],
                    "type": "RollingUpdate"
                  }
                ],
                "template": [
                  {
                    "metadata": [
                      {
                        "annotations": {},
                        "generate_name": "",
                        "generation": 0,
                        "labels": {
                          "app": "postgres"
                        },
                        "name": "",
                        "namespace": "",
                        "resource_version": "",
                        "uid": ""
                      }
                    ],
                    "spec": [
                      {
                        "active_deadline_seconds": 0,
                        "affinity": [],
                        "automount_service_account_token": true,
                        "container": [
                          {
                            "args": [],
                            "command": [],
                            "env": [
                              {
                                "name": "POSTGRES_USER",
                                "value": "postgres",
                                "value_from": []
                              },
                              {
                                "name": "POSTGRES_PASSWORD",
                                "value": "postgres",
                                "value_from": []
                              },
                              {
                                "name": "POSTGRES_DB",
                                "value": "oficina_db",
                                "value_from": []
                              }
                            ],
                            "env_from": [],
                            "image": "postgres:16-alpine",
                            "image_pull_policy": "IfNotPresent",
                            "lifecycle": [],
                            "liveness_probe": [],
                            "name": "postgres",
                            "port": [
                              {
                                "container_port": 5432,
                                "host_ip": "",
                                "host_port": 0,
                                "name": "",
                                "protocol": "TCP"
                              }
                            ],
                            "readiness_probe": [],
                            "resources": [
                              {
                                "limits": {
                                  "cpu": "500m",
                                  "memory": "512Mi"
                                },
                                "requests": {
                                  "cpu": "200m",
                                  "memory": "256Mi"
                                }
                              }
                            ],
                            "restart_policy": "",
                            "security_context": [],
                            "startup_probe": [],
                            "stdin": false,
                            "stdin_once": false,
                            "termination_message_path": "/dev/termination-log",
                            "termination_message_policy": "File",
                            "tty": false,
                            "volume_device": [],
                            "volume_mount": [],
                            "working_dir": ""
                          }
                        ],
                        "dns_config": [],
                        "dns_policy": "ClusterFirst",
                        "enable_service_links": true,
                        "host_aliases": [],
                        "host_ipc": false,
                        "host_network": false,
                        "host_pid": false,
                        "hostname": "",
                        "image_pull_secrets": [],
                        "init_container": [],
                        "node_name": "",
                        "node_selector": {},
                        "os": [],
                        "priority_class_name": "",
                        "readiness_gate": [],
                        "restart_policy": "Always",
                        "runtime_class_name": "",
                        "scheduler_name": "default-scheduler",
                        "security_context": [],
                        "service_account_name": "",
                        "share_process_namespace": false,
                        "subdomain": "",
                        "termination_grace_period_seconds": 30,
                        "toleration": [],
                        "topology_spread_constraint": [],
                        "volume": []
                      }
                    ]
                  }
                ]
              }
            ],
            "timeouts": null,
            "wait_for_rollout": true
          },
          "sensitive_attributes": [
            [
              {
                "type": "get_attr",
                "value": "spec"
              },
              {
                "type": "index",
                "value": {
                  "value": 0,
                  "type": "number"
                }
              },
              {
                "type": "get_attr",
                "value": "template"
              },
              {
                "type": "index",
                "value": {
                  "value": 0,
                  "type": "number"
                }
              },
              {
                "type": "get_attr",
                "value": "spec"
              },
              {
                "type": "index",
                "value": {
                  "value": 0,
                  "type": "number"
                }
              },
              {
                "type": "get_attr",
                "value": "container"
              },
              {
                "type": "index",
                "value": {
                  "value": 0,
                  "type": "number"
                }
              },
              {
                "type": "get_attr",
                "value": "env"
              },
              {
                "type": "index",
                "value": {
                  "value": 1,
                  "type": "number"
                }
              },
              {
                "type": "get_attr",
                "value": "value"
              }
            ]
          ],
          "identity_schema_version": 1,
          "identity": {
            "api_version": "apps/v1",
            "kind": "Deployment",
            "name": "postgres-deployment",
            "namespace": "oficina-mecanica"
          },
          "private": "eyJlMmJmYjczMC1lY2FhLTExZTYtOGY4OC0zNDM2M2JjN2M0YzAiOnsiY3JlYXRlIjo2MDAwMDAwMDAwMDAsImRlbGV0ZSI6NjAwMDAwMDAwMDAwLCJ1cGRhdGUiOjYwMDAwMDAwMDAwMH0sInNjaGVtYV92ZXJzaW9uIjoiMSJ9",
          "dependencies": [
            "kubernetes_namespace_v1.oficina_namespace",
            "module.cluster.kind_cluster.oficina_cluster"
          ]
        }
      ]
    },
    {
      "module": "module.database",
      "mode": "managed",
      "type": "kubernetes_service_v1",
      "name": "postgres_service",
      "provider": "provider[\"registry.terraform.io/hashicorp/kubernetes\"]",
      "instances": [
        {
          "schema_version": 1,
          "attributes": {
            "id": "oficina-mecanica/postgres-service",
            "metadata": [
              {
                "annotations": {},
                "generate_name": "",
                "generation": 0,
                "labels": {},
                "name": "postgres-service",
                "namespace": "oficina-mecanica",
                "resource_version": "462",
                "uid": "a359d9b1-6f93-4978-9d12-458e0555e33a"
              }
            ],
            "spec": [
              {
                "allocate_load_balancer_node_ports": true,
                "cluster_ip": "10.96.81.148",
                "cluster_ips": [
                  "10.96.81.148"
                ],
                "external_ips": [],
                "external_name": "",
                "external_traffic_policy": "",
                "health_check_node_port": 0,
                "internal_traffic_policy": "Cluster",
                "ip_families": [
                  "IPv4"
                ],
                "ip_family_policy": "SingleStack",
                "load_balancer_class": "",
                "load_balancer_ip": "",
                "load_balancer_source_ranges": [],
                "port": [
                  {
                    "app_protocol": "",
                    "name": "",
                    "node_port": 0,
                    "port": 5432,
                    "protocol": "TCP",
                    "target_port": "5432"
                  }
                ],
                "publish_not_ready_addresses": false,
                "selector": {
                  "app": "postgres"
                },
                "session_affinity": "None",
                "session_affinity_config": [],
                "type": "ClusterIP"
              }
            ],
            "status": [
              {
                "load_balancer": [
                  {
                    "ingress": []
                  }
                ]
              }
            ],
            "timeouts": null,
            "wait_for_load_balancer": true
          },
          "sensitive_attributes": [],
          "identity_schema_version": 1,
          "identity": {
            "api_version": "v1",
            "kind": "Service",
            "name": "postgres-service",
            "namespace": "oficina-mecanica"
          },
          "private": "eyJlMmJmYjczMC1lY2FhLTExZTYtOGY4OC0zNDM2M2JjN2M0YzAiOnsiY3JlYXRlIjo2MDAwMDAwMDAwMDB9LCJzY2hlbWFfdmVyc2lvbiI6IjEifQ==",
          "dependencies": [
            "kubernetes_namespace_v1.oficina_namespace",
            "module.cluster.kind_cluster.oficina_cluster"
          ]
        }
      ]
    }
  ],
  "check_results": null
}
